
Microsoft Visual Studio Solution File, Format Version 12.00
# Visual Studio Version 17
VisualStudioVersion = 17.10.34916.146
MinimumVisualStudioVersion = 10.0.40219.1
Project("{9A19103F-16F7-4668-BE54-9A1E7A4F7556}") = "proyecto_final_prog2.Domain", "proyecto_final_prog2.Domain.csproj", "{E7C2E5B1-9864-4E11-A2E7-C4743C1638EE}"
EndProject
Global
	GlobalSection(SolutionConfigurationPlatforms) = preSolution
		Debug|Any CPU = Debug|Any CPU
		Release|Any CPU = Release|Any CPU
	EndGlobalSection
	GlobalSection(ProjectConfigurationPlatforms) = postSolution
		{E7C2E5B1-9864-4E11-A2E7-C4743C1638EE}.Debug|Any CPU.ActiveCfg = Debug|Any CPU
		{E7C2E5B1-9864-4E11-A2E7-C4743C1638EE}.Debug|Any CPU.Build.0 = Debug|Any CPU
		{E7C2E5B1-9864-4E11-A2E7-C4743C1638EE}.Release|Any CPU.ActiveCfg = Release|Any CPU
		{E7C2E5B1-9864-4E11-A2E7-C4743C1638EE}.Release|Any CPU.Build.0 = Release|Any CPU
	EndGlobalSection
	GlobalSection(SolutionProperties) = preSolution
		HideSolutionNode = FALSE
	EndGlobalSection
	GlobalSection(ExtensibilityGlobals) = postSolution
		SolutionGuid = {56572BE6-5C85-4DA5-A807-C619F335EE19}
	EndGlobalSection
EndGlobal
